
Microsoft Visual Studio Solution File, Format Version 12.00
# Visual Studio 15
VisualStudioVersion = 15.0.27428.2037
MinimumVisualStudioVersion = 10.0.40219.1
Project("{FAE04EC0-301F-11D3-BF4B-00C04F79EFBC}") = "HACKATHON_2K18", "HACKATHON_2K18\HACKATHON_2K18.csproj", "{B0A88C3E-3D50-4DB9-AC3C-9859A3B86BB1}"
EndProject
Global
	GlobalSection(SolutionConfigurationPlatforms) = preSolution
		Debug|Any CPU = Debug|Any CPU
		Release|Any CPU = Release|Any CPU
	EndGlobalSection
	GlobalSection(ProjectConfigurationPlatforms) = postSolution
		{B0A88C3E-3D50-4DB9-AC3C-9859A3B86BB1}.Debug|Any CPU.ActiveCfg = Debug|Any CPU
		{B0A88C3E-3D50-4DB9-AC3C-9859A3B86BB1}.Debug|Any CPU.Build.0 = Debug|Any CPU
		{B0A88C3E-3D50-4DB9-AC3C-9859A3B86BB1}.Release|Any CPU.ActiveCfg = Release|Any CPU
		{B0A88C3E-3D50-4DB9-AC3C-9859A3B86BB1}.Release|Any CPU.Build.0 = Release|Any CPU
	EndGlobalSection
	GlobalSection(SolutionProperties) = preSolution
		HideSolutionNode = FALSE
	EndGlobalSection
	GlobalSection(ExtensibilityGlobals) = postSolution
		SolutionGuid = {787FB65A-93F4-4976-8ACB-D9082CDC7EC1}
	EndGlobalSection
EndGlobal
